
Microsoft Visual Studio Solution File, Format Version 12.00
# Visual Studio Version 16
VisualStudioVersion = 16.0.30517.126
MinimumVisualStudioVersion = 10.0.40219.1
Project("{FAE04EC0-301F-11D3-BF4B-00C04F79EFBC}") = "AffinityWatcher", "AffinityWatcher\AffinityWatcher.csproj", "{5D6ACF39-3B36-4E9F-AA7A-2C78A467856D}"
EndProject
Project("{2150E333-8FDC-42A3-9474-1A3956D46DE8}") = "Solution Items", "Solution Items", "{4FFD33E9-8A36-4723-8C37-C7805F189B72}"
	ProjectSection(SolutionItems) = preProject
		CHANGELOG.md = CHANGELOG.md
		LICENSE.md = LICENSE.md
		README.md = README.md
	EndProjectSection
EndProject
Project("{FAE04EC0-301F-11D3-BF4B-00C04F79EFBC}") = "AffinityWatcher.Tests", "AffinityWatcher.Tests\AffinityWatcher.Tests.csproj", "{221BCCE1-D65B-444D-B98D-B95F66E6487F}"
EndProject
Global
	GlobalSection(SolutionConfigurationPlatforms) = preSolution
		Debug|Any CPU = Debug|Any CPU
		Release|Any CPU = Release|Any CPU
	EndGlobalSection
	GlobalSection(ProjectConfigurationPlatforms) = postSolution
		{5D6ACF39-3B36-4E9F-AA7A-2C78A467856D}.Debug|Any CPU.ActiveCfg = Debug|Any CPU
		{5D6ACF39-3B36-4E9F-AA7A-2C78A467856D}.Debug|Any CPU.Build.0 = Debug|Any CPU
		{5D6ACF39-3B36-4E9F-AA7A-2C78A467856D}.Release|Any CPU.ActiveCfg = Release|Any CPU
		{5D6ACF39-3B36-4E9F-AA7A-2C78A467856D}.Release|Any CPU.Build.0 = Release|Any CPU
		{221BCCE1-D65B-444D-B98D-B95F66E6487F}.Debug|Any CPU.ActiveCfg = Debug|Any CPU
		{221BCCE1-D65B-444D-B98D-B95F66E6487F}.Debug|Any CPU.Build.0 = Debug|Any CPU
		{221BCCE1-D65B-444D-B98D-B95F66E6487F}.Release|Any CPU.ActiveCfg = Release|Any CPU
		{221BCCE1-D65B-444D-B98D-B95F66E6487F}.Release|Any CPU.Build.0 = Release|Any CPU
	EndGlobalSection
	GlobalSection(SolutionProperties) = preSolution
		HideSolutionNode = FALSE
	EndGlobalSection
	GlobalSection(ExtensibilityGlobals) = postSolution
		SolutionGuid = {1F8AF88F-1C73-429D-91F6-3D3B4282C8DC}
	EndGlobalSection
EndGlobal
